// !$*UTF8*$!
{
	archiveVersion = 1;
	classes = {
	};
	objectVersion = 55;
	objects = {

/* Begin PBXBuildFile section */
		5713FD5F2777F6FA00D76561 /* Serving.swift in Sources */ = {isa = PBXBuildFile; fileRef = 5713FD5E2777F6FA00D76561 /* Serving.swift */; };
		5713FD612777F82B00D76561 /* FileManager-DocumentsDirectory.swift in Sources */ = {isa = PBXBuildFile; fileRef = 5713FD602777F82B00D76561 /* FileManager-DocumentsDirectory.swift */; };
		5713FD632777F88900D76561 /* History.swift in Sources */ = {isa = PBXBuildFile; fileRef = 5713FD622777F88900D76561 /* History.swift */; };
		5723C61F277671CA00DECE0D /* ConfigurationOption.swift in Sources */ = {isa = PBXBuildFile; fileRef = 5723C61E277671CA00DECE0D /* ConfigurationOption.swift */; };
		578B304227766DB600B55CB6 /* CustomizeView.swift in Sources */ = {isa = PBXBuildFile; fileRef = 578B304127766DB600B55CB6 /* CustomizeView.swift */; };
		57DD60C027756F8F00A20B5C /* CoffeeBeansApp.swift in Sources */ = {isa = PBXBuildFile; fileRef = 57DD60BF27756F8F00A20B5C /* CoffeeBeansApp.swift */; };
		57DD60C227756F8F00A20B5C /* ContentView.swift in Sources */ = {isa = PBXBuildFile; fileRef = 57DD60C127756F8F00A20B5C /* ContentView.swift */; };
		57DD60C427756F9200A20B5C /* Assets.xcassets in Resources */ = {isa = PBXBuildFile; fileRef = 57DD60C327756F9200A20B5C /* Assets.xcassets */; };
		57DD60C727756F9200A20B5C /* Preview Assets.xcassets in Resources */ = {isa = PBXBuildFile; fileRef = 57DD60C627756F9200A20B5C /* Preview Assets.xcassets */; };
		57DD60CE2775702200A20B5C /* Drink.swift in Sources */ = {isa = PBXBuildFile; fileRef = 57DD60CD2775702200A20B5C /* Drink.swift */; };
		57DD60D02775713500A20B5C /* MenuSection.swift in Sources */ = {isa = PBXBuildFile; fileRef = 57DD60CF2775713500A20B5C /* MenuSection.swift */; };
		57DD60D22775716B00A20B5C /* Menu.swift in Sources */ = {isa = PBXBuildFile; fileRef = 57DD60D12775716B00A20B5C /* Menu.swift */; };
		57DD60D4277574E300A20B5C /* MenuView.swift in Sources */ = {isa = PBXBuildFile; fileRef = 57DD60D3277574E300A20B5C /* MenuView.swift */; };
		57FF304127767CA700435F8B /* menu.json in Resources */ = {isa = PBXBuildFile; fileRef = 57FF304027767CA700435F8B /* menu.json */; };
/* End PBXBuildFile section */

/* Begin PBXFileReference section */
		5713FD5E2777F6FA00D76561 /* Serving.swift */ = {isa = PBXFileReference; lastKnownFileType = sourcecode.swift; path = Serving.swift; sourceTree = "<group>"; };
		5713FD602777F82B00D76561 /* FileManager-DocumentsDirectory.swift */ = {isa = PBXFileReference; lastKnownFileType = sourcecode.swift; path = "FileManager-DocumentsDirectory.swift"; sourceTree = "<group>"; };
		5713FD622777F88900D76561 /* History.swift */ = {isa = PBXFileReference; lastKnownFileType = sourcecode.swift; path = History.swift; sourceTree = "<group>"; };
		5723C61E277671CA00DECE0D /* ConfigurationOption.swift */ = {isa = PBXFileReference; lastKnownFileType = sourcecode.swift; path = ConfigurationOption.swift; sourceTree = "<group>"; };
		578B304127766DB600B55CB6 /* CustomizeView.swift */ = {isa = PBXFileReference; lastKnownFileType = sourcecode.swift; path = CustomizeView.swift; sourceTree = "<group>"; };
		57DD60BC27756F8F00A20B5C /* CoffeeBeans.app */ = {isa = PBXFileReference; explicitFileType = wrapper.application; includeInIndex = 0; path = CoffeeBeans.app; sourceTree = BUILT_PRODUCTS_DIR; };
		57DD60BF27756F8F00A20B5C /* CoffeeBeansApp.swift */ = {isa = PBXFileReference; lastKnownFileType = sourcecode.swift; path = CoffeeBeansApp.swift; sourceTree = "<group>"; };
		57DD60C127756F8F00A20B5C /* ContentView.swift */ = {isa = PBXFileReference; lastKnownFileType = sourcecode.swift; path = ContentView.swift; sourceTree = "<group>"; };
		57DD60C327756F9200A20B5C /* Assets.xcassets */ = {isa = PBXFileReference; lastKnownFileType = folder.assetcatalog; path = Assets.xcassets; sourceTree = "<group>"; };
		57DD60C627756F9200A20B5C /* Preview Assets.xcassets */ = {isa = PBXFileReference; lastKnownFileType = folder.assetcatalog; path = "Preview Assets.xcassets"; sourceTree = "<group>"; };
		57DD60CD2775702200A20B5C /* Drink.swift */ = {isa = PBXFileReference; lastKnownFileType = sourcecode.swift; path = Drink.swift; sourceTree = "<group>"; };
		57DD60CF2775713500A20B5C /* MenuSection.swift */ = {isa = PBXFileReference; lastKnownFileType = sourcecode.swift; path = MenuSection.swift; sourceTree = "<group>"; };
		57DD60D12775716B00A20B5C /* Menu.swift */ = {isa = PBXFileReference; lastKnownFileType = sourcecode.swift; path = Menu.swift; sourceTree = "<group>"; };
		57DD60D3277574E300A20B5C /* MenuView.swift */ = {isa = PBXFileReference; lastKnownFileType = sourcecode.swift; path = MenuView.swift; sourceTree = "<group>"; };
		57FF304027767CA700435F8B /* menu.json */ = {isa = PBXFileReference; fileEncoding = 4; lastKnownFileType = text.json; path = menu.json; sourceTree = "<group>"; };
/* End PBXFileReference section */

/* Begin PBXFrameworksBuildPhase section */
		57DD60B927756F8F00A20B5C /* Frameworks */ = {
			isa = PBXFrameworksBuildPhase;
			buildActionMask = 2147483647;
			files = (
			);
			runOnlyForDeploymentPostprocessing = 0;
		};
/* End PBXFrameworksBuildPhase section */

/* Begin PBXGroup section */
		57DD60B327756F8F00A20B5C = {
			isa = PBXGroup;
			children = (
				57DD60BE27756F8F00A20B5C /* CoffeeBeans */,
				57DD60BD27756F8F00A20B5C /* Products */,
			);
			sourceTree = "<group>";
		};
		57DD60BD27756F8F00A20B5C /* Products */ = {
			isa = PBXGroup;
			children = (
				57DD60BC27756F8F00A20B5C /* CoffeeBeans.app */,
			);
			name = Products;
			sourceTree = "<group>";
		};
		57DD60BE27756F8F00A20B5C /* CoffeeBeans */ = {
			isa = PBXGroup;
			children = (
				57DD60BF27756F8F00A20B5C /* CoffeeBeansApp.swift */,
				57DD60C127756F8F00A20B5C /* ContentView.swift */,
				5723C61E277671CA00DECE0D /* ConfigurationOption.swift */,
				57DD60D3277574E300A20B5C /* MenuView.swift */,
				57DD60C327756F9200A20B5C /* Assets.xcassets */,
				57DD60CD2775702200A20B5C /* Drink.swift */,
				5713FD5E2777F6FA00D76561 /* Serving.swift */,
				5713FD602777F82B00D76561 /* FileManager-DocumentsDirectory.swift */,
				5713FD622777F88900D76561 /* History.swift */,
				57DD60D12775716B00A20B5C /* Menu.swift */,
				57FF304027767CA700435F8B /* menu.json */,
				57DD60C527756F9200A20B5C /* Preview Content */,
				57DD60CF2775713500A20B5C /* MenuSection.swift */,
				578B304127766DB600B55CB6 /* CustomizeView.swift */,
			);
			path = CoffeeBeans;
			sourceTree = "<group>";
		};
		57DD60C527756F9200A20B5C /* Preview Content */ = {
			isa = PBXGroup;
			children = (
				57DD60C627756F9200A20B5C /* Preview Assets.xcassets */,
			);
			path = "Preview Content";
			sourceTree = "<group>";
		};
/* End PBXGroup section */

/* Begin PBXNativeTarget section */
		57DD60BB27756F8F00A20B5C /* CoffeeBeans */ = {
			isa = PBXNativeTarget;
			buildConfigurationList = 57DD60CA27756F9200A20B5C /* Build configuration list for PBXNativeTarget "CoffeeBeans" */;
			buildPhases = (
				57DD60B827756F8F00A20B5C /* Sources */,
				57DD60B927756F8F00A20B5C /* Frameworks */,
				57DD60BA27756F8F00A20B5C /* Resources */,
			);
			buildRules = (
			);
			dependencies = (
			);
			name = CoffeeBeans;
			productName = CoffeeBeans;
			productReference = 57DD60BC27756F8F00A20B5C /* CoffeeBeans.app */;
			productType = "com.apple.product-type.application";
		};
/* End PBXNativeTarget section */

/* Begin PBXProject section */
		57DD60B427756F8F00A20B5C /* Project object */ = {
			isa = PBXProject;
			attributes = {
				BuildIndependentTargetsInParallel = 1;
				LastSwiftUpdateCheck = 1320;
				LastUpgradeCheck = 1320;
				TargetAttributes = {
					57DD60BB27756F8F00A20B5C = {
						CreatedOnToolsVersion = 13.2.1;
					};
				};
			};
			buildConfigurationList = 57DD60B727756F8F00A20B5C /* Build configuration list for PBXProject "CoffeeBeans" */;
			compatibilityVersion = "Xcode 13.0";
			developmentRegion = en;
			hasScannedForEncodings = 0;
			knownRegions = (
				en,
				Base,
			);
			mainGroup = 57DD60B327756F8F00A20B5C;
			productRefGroup = 57DD60BD27756F8F00A20B5C /* Products */;
			projectDirPath = "";
			projectRoot = "";
			targets = (
				57DD60BB27756F8F00A20B5C /* CoffeeBeans */,
			);
		};
/* End PBXProject section */

/* Begin PBXResourcesBuildPhase section */
		57DD60BA27756F8F00A20B5C /* Resources */ = {
			isa = PBXResourcesBuildPhase;
			buildActionMask = 2147483647;
			files = (
				57FF304127767CA700435F8B /* menu.json in Resources */,
				57DD60C727756F9200A20B5C /* Preview Assets.xcassets in Resources */,
				57DD60C427756F9200A20B5C /* Assets.xcassets in Resources */,
			);
			runOnlyForDeploymentPostprocessing = 0;
		};
/* End PBXResourcesBuildPhase section */

/* Begin PBXSourcesBuildPhase section */
		57DD60B827756F8F00A20B5C /* Sources */ = {
			isa = PBXSourcesBuildPhase;
			buildActionMask = 2147483647;
			files = (
				57DD60C227756F8F00A20B5C /* ContentView.swift in Sources */,
				57DD60D4277574E300A20B5C /* MenuView.swift in Sources */,
				57DD60CE2775702200A20B5C /* Drink.swift in Sources */,
				5713FD632777F88900D76561 /* History.swift in Sources */,
				57DD60D02775713500A20B5C /* MenuSection.swift in Sources */,
				57DD60C027756F8F00A20B5C /* CoffeeBeansApp.swift in Sources */,
				5723C61F277671CA00DECE0D /* ConfigurationOption.swift in Sources */,
				5713FD612777F82B00D76561 /* FileManager-DocumentsDirectory.swift in Sources */,
				578B304227766DB600B55CB6 /* CustomizeView.swift in Sources */,
				57DD60D22775716B00A20B5C /* Menu.swift in Sources */,
				5713FD5F2777F6FA00D76561 /* Serving.swift in Sources */,
			);
			runOnlyForDeploymentPostprocessing = 0;
		};
/* End PBXSourcesBuildPhase section */

/* Begin XCBuildConfiguration section */
		57DD60C827756F9200A20B5C /* Debug */ = {
			isa = XCBuildConfiguration;
			buildSettings = {
				ALWAYS_SEARCH_USER_PATHS = NO;
				CLANG_ANALYZER_NONNULL = YES;
				CLANG_ANALYZER_NUMBER_OBJECT_CONVERSION = YES_AGGRESSIVE;
				CLANG_CXX_LANGUAGE_STANDARD = "gnu++17";
				CLANG_CXX_LIBRARY = "libc++";
				CLANG_ENABLE_MODULES = YES;
				CLANG_ENABLE_OBJC_ARC = YES;
				CLANG_ENABLE_OBJC_WEAK = YES;
				CLANG_WARN_BLOCK_CAPTURE_AUTORELEASING = YES;
				CLANG_WARN_BOOL_CONVERSION = YES;
				CLANG_WARN_COMMA = YES;
				CLANG_WARN_CONSTANT_CONVERSION = YES;
				CLANG_WARN_DEPRECATED_OBJC_IMPLEMENTATIONS = YES;
				CLANG_WARN_DIRECT_OBJC_ISA_USAGE = YES_ERROR;
				CLANG_WARN_DOCUMENTATION_COMMENTS = YES;
				CLANG_WARN_EMPTY_BODY = YES;
				CLANG_WARN_ENUM_CONVERSION = YES;
				CLANG_WARN_INFINITE_RECURSION = YES;
				CLANG_WARN_INT_CONVERSION = YES;
				CLANG_WARN_NON_LITERAL_NULL_CONVERSION = YES;
				CLANG_WARN_OBJC_IMPLICIT_RETAIN_SELF = YES;
				CLANG_WARN_OBJC_LITERAL_CONVERSION = YES;
				CLANG_WARN_OBJC_ROOT_CLASS = YES_ERROR;
				CLANG_WARN_QUOTED_INCLUDE_IN_FRAMEWORK_HEADER = YES;
				CLANG_WARN_RANGE_LOOP_ANALYSIS = YES;
				CLANG_WARN_STRICT_PROTOTYPES = YES;
				CLANG_WARN_SUSPICIOUS_MOVE = YES;
				CLANG_WARN_UNGUARDED_AVAILABILITY = YES_AGGRESSIVE;
				CLANG_WARN_UNREACHABLE_CODE = YES;
				CLANG_WARN__DUPLICATE_METHOD_MATCH = YES;
				COPY_PHASE_STRIP = NO;
				DEBUG_INFORMATION_FORMAT = dwarf;
				ENABLE_STRICT_OBJC_MSGSEND = YES;
				ENABLE_TESTABILITY = YES;
				GCC_C_LANGUAGE_STANDARD = gnu11;
				GCC_DYNAMIC_NO_PIC = NO;
				GCC_NO_COMMON_BLOCKS = YES;
				GCC_OPTIMIZATION_LEVEL = 0;
				GCC_PREPROCESSOR_DEFINITIONS = (
					"DEBUG=1",
					"$(inherited)",
				);
				GCC_WARN_64_TO_32_BIT_CONVERSION = YES;
				GCC_WARN_ABOUT_RETURN_TYPE = YES_ERROR;
				GCC_WARN_UNDECLARED_SELECTOR = YES;
				GCC_WARN_UNINITIALIZED_AUTOS = YES_AGGRESSIVE;
				GCC_WARN_UNUSED_FUNCTION = YES;
				GCC_WARN_UNUSED_VARIABLE = YES;
				IPHONEOS_DEPLOYMENT_TARGET = 15.2;
				MTL_ENABLE_DEBUG_INFO = INCLUDE_SOURCE;
				MTL_FAST_MATH = YES;
				ONLY_ACTIVE_ARCH = YES;
				SDKROOT = iphoneos;
				SWIFT_ACTIVE_COMPILATION_CONDITIONS = DEBUG;
				SWIFT_OPTIMIZATION_LEVEL = "-Onone";
			};
			name = Debug;
		};
		57DD60C927756F9200A20B5C /* Release */ = {
			isa = XCBuildConfiguration;
			buildSettings = {
				ALWAYS_SEARCH_USER_PATHS = NO;
				CLANG_ANALYZER_NONNULL = YES;
				CLANG_ANALYZER_NUMBER_OBJECT_CONVERSION = YES_AGGRESSIVE;
				CLANG_CXX_LANGUAGE_STANDARD = "gnu++17";
				CLANG_CXX_LIBRARY = "libc++";
				CLANG_ENABLE_MODULES = YES;
				CLANG_ENABLE_OBJC_ARC = YES;
				CLANG_ENABLE_OBJC_WEAK = YES;
				CLANG_WARN_BLOCK_CAPTURE_AUTORELEASING = YES;
				CLANG_WARN_BOOL_CONVERSION = YES;
				CLANG_WARN_COMMA = YES;
				CLANG_WARN_CONSTANT_CONVERSION = YES;
				CLANG_WARN_DEPRECATED_OBJC_IMPLEMENTATIONS = YES;
				CLANG_WARN_DIRECT_OBJC_ISA_USAGE = YES_ERROR;
				CLANG_WARN_DOCUMENTATION_COMMENTS = YES;
				CLANG_WARN_EMPTY_BODY = YES;
				CLANG_WARN_ENUM_CONVERSION = YES;
				CLANG_WARN_INFINITE_RECURSION = YES;
				CLANG_WARN_INT_CONVERSION = YES;
				CLANG_WARN_NON_LITERAL_NULL_CONVERSION = YES;
				CLANG_WARN_OBJC_IMPLICIT_RETAIN_SELF = YES;
				CLANG_WARN_OBJC_LITERAL_CONVERSION = YES;
				CLANG_WARN_OBJC_ROOT_CLASS = YES_ERROR;
				CLANG_WARN_QUOTED_INCLUDE_IN_FRAMEWORK_HEADER = YES;
				CLANG_WARN_RANGE_LOOP_ANALYSIS = YES;
				CLANG_WARN_STRICT_PROTOTYPES = YES;
				CLANG_WARN_SUSPICIOUS_MOVE = YES;
				CLANG_WARN_UNGUARDED_AVAILABILITY = YES_AGGRESSIVE;
				CLANG_WARN_UNREACHABLE_CODE = YES;
				CLANG_WARN__DUPLICATE_METHOD_MATCH = YES;
				COPY_PHASE_STRIP = NO;
				DEBUG_INFORMATION_FORMAT = "dwarf-with-dsym";
				ENABLE_NS_ASSERTIONS = NO;
				ENABLE_STRICT_OBJC_MSGSEND = YES;
				GCC_C_LANGUAGE_STANDARD = gnu11;
				GCC_NO_COMMON_BLOCKS = YES;
				GCC_WARN_64_TO_32_BIT_CONVERSION = YES;
				GCC_WARN_ABOUT_RETURN_TYPE = YES_ERROR;
				GCC_WARN_UNDECLARED_SELECTOR = YES;
				GCC_WARN_UNINITIALIZED_AUTOS = YES_AGGRESSIVE;
				GCC_WARN_UNUSED_FUNCTION = YES;
				GCC_WARN_UNUSED_VARIABLE = YES;
				IPHONEOS_DEPLOYMENT_TARGET = 15.2;
				MTL_ENABLE_DEBUG_INFO = NO;
				MTL_FAST_MATH = YES;
				SDKROOT = iphoneos;
				SWIFT_COMPILATION_MODE = wholemodule;
				SWIFT_OPTIMIZATION_LEVEL = "-O";
				VALIDATE_PRODUCT = YES;
			};
			name = Release;
		};
		57DD60CB27756F9200A20B5C /* Debug */ = {
			isa = XCBuildConfiguration;
			buildSettings = {
				ASSETCATALOG_COMPILER_APPICON_NAME = AppIcon;
				ASSETCATALOG_COMPILER_GLOBAL_ACCENT_COLOR_NAME = AccentColor;
				CODE_SIGN_STYLE = Automatic;
				CURRENT_PROJECT_VERSION = 1;
				DEVELOPMENT_ASSET_PATHS = "\"CoffeeBeans/Preview Content\"";
				DEVELOPMENT_TEAM = 62739J54F9;
				ENABLE_PREVIEWS = YES;
				GENERATE_INFOPLIST_FILE = YES;
				INFOPLIST_KEY_UIApplicationSceneManifest_Generation = YES;
				INFOPLIST_KEY_UIApplicationSupportsIndirectInputEvents = YES;
				INFOPLIST_KEY_UILaunchScreen_Generation = YES;
				INFOPLIST_KEY_UISupportedInterfaceOrientations_iPad = "UIInterfaceOrientationPortrait UIInterfaceOrientationPortraitUpsideDown UIInterfaceOrientationLandscapeLeft UIInterfaceOrientationLandscapeRight";
				INFOPLIST_KEY_UISupportedInterfaceOrientations_iPhone = "UIInterfaceOrientationPortrait UIInterfaceOrientationLandscapeLeft UIInterfaceOrientationLandscapeRight";
				LD_RUNPATH_SEARCH_PATHS = (
					"$(inherited)",
					"@executable_path/Frameworks",
				);
				MARKETING_VERSION = 1.0;
				PRODUCT_BUNDLE_IDENTIFIER = com.yuksekyusuf.CoffeeBeans;
				PRODUCT_NAME = "$(TARGET_NAME)";
				SWIFT_EMIT_LOC_STRINGS = YES;
				SWIFT_VERSION = 5.0;
				TARGETED_DEVICE_FAMILY = "1,2";
			};
			name = Debug;
		};
		57DD60CC27756F9200A20B5C /* Release */ = {
			isa = XCBuildConfiguration;
			buildSettings = {
				ASSETCATALOG_COMPILER_APPICON_NAME = AppIcon;
				ASSETCATALOG_COMPILER_GLOBAL_ACCENT_COLOR_NAME = AccentColor;
				CODE_SIGN_STYLE = Automatic;
				CURRENT_PROJECT_VERSION = 1;
				DEVELOPMENT_ASSET_PATHS = "\"CoffeeBeans/Preview Content\"";
				DEVELOPMENT_TEAM = 62739J54F9;
				ENABLE_PREVIEWS = YES;
				GENERATE_INFOPLIST_FILE = YES;
				INFOPLIST_KEY_UIApplicationSceneManifest_Generation = YES;
				INFOPLIST_KEY_UIApplicationSupportsIndirectInputEvents = YES;
				INFOPLIST_KEY_UILaunchScreen_Generation = YES;
				INFOPLIST_KEY_UISupportedInterfaceOrientations_iPad = "UIInterfaceOrientationPortrait UIInterfaceOrientationPortraitUpsideDown UIInterfaceOrientationLandscapeLeft UIInterfaceOrientationLandscapeRight";
				INFOPLIST_KEY_UISupportedInterfaceOrientations_iPhone = "UIInterfaceOrientationPortrait UIInterfaceOrientationLandscapeLeft UIInterfaceOrientationLandscapeRight";
				LD_RUNPATH_SEARCH_PATHS = (
					"$(inherited)",
					"@executable_path/Frameworks",
				);
				MARKETING_VERSION = 1.0;
				PRODUCT_BUNDLE_IDENTIFIER = com.yuksekyusuf.CoffeeBeans;
				PRODUCT_NAME = "$(TARGET_NAME)";
				SWIFT_EMIT_LOC_STRINGS = YES;
				SWIFT_VERSION = 5.0;
				TARGETED_DEVICE_FAMILY = "1,2";
			};
			name = Release;
		};
/* End XCBuildConfiguration section */

/* Begin XCConfigurationList section */
		57DD60B727756F8F00A20B5C /* Build configuration list for PBXProject "CoffeeBeans" */ = {
			isa = XCConfigurationList;
			buildConfigurations = (
				57DD60C827756F9200A20B5C /* Debug */,
				57DD60C927756F9200A20B5C /* Release */,
			);
			defaultConfigurationIsVisible = 0;
			defaultConfigurationName = Release;
		};
		57DD60CA27756F9200A20B5C /* Build configuration list for PBXNativeTarget "CoffeeBeans" */ = {
			isa = XCConfigurationList;
			buildConfigurations = (
				57DD60CB27756F9200A20B5C /* Debug */,
				57DD60CC27756F9200A20B5C /* Release */,
			);
			defaultConfigurationIsVisible = 0;
			defaultConfigurationName = Release;
		};
/* End XCConfigurationList section */
	};
	rootObject = 57DD60B427756F8F00A20B5C /* Project object */;
}
